
Microsoft Visual Studio Solution File, Format Version 12.00
# Visual Studio Version 16
VisualStudioVersion = 16.0.30517.126
MinimumVisualStudioVersion = 10.0.40219.1
Project("{9A19103F-16F7-4668-BE54-9A1E7A4F7556}") = "Task1", "Task1\Task1.csproj", "{C62B9A7C-9653-4F43-AF50-C56798782EF8}"
EndProject
Project("{FAE04EC0-301F-11D3-BF4B-00C04F79EFBC}") = "Task2", "Task2\Task2.csproj", "{4624CD81-1FCA-4BF6-9EF3-15F589E7D7FA}"
EndProject
Project("{FAE04EC0-301F-11D3-BF4B-00C04F79EFBC}") = "Task3", "Task3\Task3.csproj", "{808DD674-3D28-4CB0-A820-E6FBB8210ED0}"
EndProject
Project("{FAE04EC0-301F-11D3-BF4B-00C04F79EFBC}") = "Task4", "Task4\Task4.csproj", "{95E67C26-B949-4843-B1F3-DE703D1CA581}"
EndProject
Global
	GlobalSection(SolutionConfigurationPlatforms) = preSolution
		Debug|Any CPU = Debug|Any CPU
		Release|Any CPU = Release|Any CPU
	EndGlobalSection
	GlobalSection(ProjectConfigurationPlatforms) = postSolution
		{C62B9A7C-9653-4F43-AF50-C56798782EF8}.Debug|Any CPU.ActiveCfg = Debug|Any CPU
		{C62B9A7C-9653-4F43-AF50-C56798782EF8}.Debug|Any CPU.Build.0 = Debug|Any CPU
		{C62B9A7C-9653-4F43-AF50-C56798782EF8}.Release|Any CPU.ActiveCfg = Release|Any CPU
		{C62B9A7C-9653-4F43-AF50-C56798782EF8}.Release|Any CPU.Build.0 = Release|Any CPU
		{4624CD81-1FCA-4BF6-9EF3-15F589E7D7FA}.Debug|Any CPU.ActiveCfg = Debug|Any CPU
		{4624CD81-1FCA-4BF6-9EF3-15F589E7D7FA}.Debug|Any CPU.Build.0 = Debug|Any CPU
		{4624CD81-1FCA-4BF6-9EF3-15F589E7D7FA}.Release|Any CPU.ActiveCfg = Release|Any CPU
		{4624CD81-1FCA-4BF6-9EF3-15F589E7D7FA}.Release|Any CPU.Build.0 = Release|Any CPU
		{808DD674-3D28-4CB0-A820-E6FBB8210ED0}.Debug|Any CPU.ActiveCfg = Debug|Any CPU
		{808DD674-3D28-4CB0-A820-E6FBB8210ED0}.Debug|Any CPU.Build.0 = Debug|Any CPU
		{808DD674-3D28-4CB0-A820-E6FBB8210ED0}.Release|Any CPU.ActiveCfg = Release|Any CPU
		{808DD674-3D28-4CB0-A820-E6FBB8210ED0}.Release|Any CPU.Build.0 = Release|Any CPU
		{95E67C26-B949-4843-B1F3-DE703D1CA581}.Debug|Any CPU.ActiveCfg = Debug|Any CPU
		{95E67C26-B949-4843-B1F3-DE703D1CA581}.Debug|Any CPU.Build.0 = Debug|Any CPU
		{95E67C26-B949-4843-B1F3-DE703D1CA581}.Release|Any CPU.ActiveCfg = Release|Any CPU
		{95E67C26-B949-4843-B1F3-DE703D1CA581}.Release|Any CPU.Build.0 = Release|Any CPU
	EndGlobalSection
	GlobalSection(SolutionProperties) = preSolution
		HideSolutionNode = FALSE
	EndGlobalSection
	GlobalSection(ExtensibilityGlobals) = postSolution
		SolutionGuid = {B30A922A-C125-4BE0-908D-BF17C3A5F91C}
	EndGlobalSection
EndGlobal
