
Microsoft Visual Studio Solution File, Format Version 12.00
# Visual Studio Version 16
VisualStudioVersion = 16.0.30517.126
MinimumVisualStudioVersion = 10.0.40219.1
Project("{9A19103F-16F7-4668-BE54-9A1E7A4F7556}") = "Task2", "Task2\Task2.csproj", "{ACB2BBFE-EAE1-4886-A4FA-E0F69F78D09A}"
EndProject
Project("{9A19103F-16F7-4668-BE54-9A1E7A4F7556}") = "Task3", "Task3\Task3.csproj", "{70A13FC2-AEC9-447E-BC95-A6DA739B276E}"
EndProject
Project("{9A19103F-16F7-4668-BE54-9A1E7A4F7556}") = "MyLibrary", "MyLibrary\MyLibrary.csproj", "{754E03B3-9E06-4028-A086-6D37101110D4}"
EndProject
Project("{9A19103F-16F7-4668-BE54-9A1E7A4F7556}") = "Task4", "Task4\Task4.csproj", "{5AA801D0-B99D-4898-B529-6234FBD47936}"
EndProject
Project("{9A19103F-16F7-4668-BE54-9A1E7A4F7556}") = "Task5", "Task5\Task5.csproj", "{8D489F75-8048-45AD-966E-65753B26CC86}"
EndProject
Project("{FAE04EC0-301F-11D3-BF4B-00C04F79EFBC}") = "Task1", "Task1\Task1.csproj", "{92F0EB43-7D7F-4807-8C98-2CD94758C2C5}"
EndProject
Global
	GlobalSection(SolutionConfigurationPlatforms) = preSolution
		Debug|Any CPU = Debug|Any CPU
		Release|Any CPU = Release|Any CPU
	EndGlobalSection
	GlobalSection(ProjectConfigurationPlatforms) = postSolution
		{ACB2BBFE-EAE1-4886-A4FA-E0F69F78D09A}.Debug|Any CPU.ActiveCfg = Debug|Any CPU
		{ACB2BBFE-EAE1-4886-A4FA-E0F69F78D09A}.Debug|Any CPU.Build.0 = Debug|Any CPU
		{ACB2BBFE-EAE1-4886-A4FA-E0F69F78D09A}.Release|Any CPU.ActiveCfg = Release|Any CPU
		{ACB2BBFE-EAE1-4886-A4FA-E0F69F78D09A}.Release|Any CPU.Build.0 = Release|Any CPU
		{70A13FC2-AEC9-447E-BC95-A6DA739B276E}.Debug|Any CPU.ActiveCfg = Debug|Any CPU
		{70A13FC2-AEC9-447E-BC95-A6DA739B276E}.Debug|Any CPU.Build.0 = Debug|Any CPU
		{70A13FC2-AEC9-447E-BC95-A6DA739B276E}.Release|Any CPU.ActiveCfg = Release|Any CPU
		{70A13FC2-AEC9-447E-BC95-A6DA739B276E}.Release|Any CPU.Build.0 = Release|Any CPU
		{754E03B3-9E06-4028-A086-6D37101110D4}.Debug|Any CPU.ActiveCfg = Debug|Any CPU
		{754E03B3-9E06-4028-A086-6D37101110D4}.Debug|Any CPU.Build.0 = Debug|Any CPU
		{754E03B3-9E06-4028-A086-6D37101110D4}.Release|Any CPU.ActiveCfg = Release|Any CPU
		{754E03B3-9E06-4028-A086-6D37101110D4}.Release|Any CPU.Build.0 = Release|Any CPU
		{5AA801D0-B99D-4898-B529-6234FBD47936}.Debug|Any CPU.ActiveCfg = Debug|Any CPU
		{5AA801D0-B99D-4898-B529-6234FBD47936}.Debug|Any CPU.Build.0 = Debug|Any CPU
		{5AA801D0-B99D-4898-B529-6234FBD47936}.Release|Any CPU.ActiveCfg = Release|Any CPU
		{5AA801D0-B99D-4898-B529-6234FBD47936}.Release|Any CPU.Build.0 = Release|Any CPU
		{8D489F75-8048-45AD-966E-65753B26CC86}.Debug|Any CPU.ActiveCfg = Debug|Any CPU
		{8D489F75-8048-45AD-966E-65753B26CC86}.Debug|Any CPU.Build.0 = Debug|Any CPU
		{8D489F75-8048-45AD-966E-65753B26CC86}.Release|Any CPU.ActiveCfg = Release|Any CPU
		{8D489F75-8048-45AD-966E-65753B26CC86}.Release|Any CPU.Build.0 = Release|Any CPU
		{92F0EB43-7D7F-4807-8C98-2CD94758C2C5}.Debug|Any CPU.ActiveCfg = Debug|Any CPU
		{92F0EB43-7D7F-4807-8C98-2CD94758C2C5}.Debug|Any CPU.Build.0 = Debug|Any CPU
		{92F0EB43-7D7F-4807-8C98-2CD94758C2C5}.Release|Any CPU.ActiveCfg = Release|Any CPU
		{92F0EB43-7D7F-4807-8C98-2CD94758C2C5}.Release|Any CPU.Build.0 = Release|Any CPU
	EndGlobalSection
	GlobalSection(SolutionProperties) = preSolution
		HideSolutionNode = FALSE
	EndGlobalSection
	GlobalSection(ExtensibilityGlobals) = postSolution
		SolutionGuid = {C479F26F-09D2-4F73-80D9-D8BACC627A17}
	EndGlobalSection
EndGlobal
